// !$*UTF8*$!
{
	archiveVersion = 1;
	classes = {
	};
	objectVersion = 50;
	objects = {

/* Begin PBXBuildFile section */
		B95409D72556C4BB0089B212 /* AppDelegate.swift in Sources */ = {isa = PBXBuildFile; fileRef = B95409D62556C4BB0089B212 /* AppDelegate.swift */; };
		B95409D92556C4BB0089B212 /* SceneDelegate.swift in Sources */ = {isa = PBXBuildFile; fileRef = B95409D82556C4BB0089B212 /* SceneDelegate.swift */; };
		B95409DD2556C4BD0089B212 /* Assets.xcassets in Resources */ = {isa = PBXBuildFile; fileRef = B95409DC2556C4BD0089B212 /* Assets.xcassets */; };
		B95409E02556C4BD0089B212 /* Preview Assets.xcassets in Resources */ = {isa = PBXBuildFile; fileRef = B95409DF2556C4BD0089B212 /* Preview Assets.xcassets */; };
		B95409F92556C56A0089B212 /* HomeView.swift in Sources */ = {isa = PBXBuildFile; fileRef = B95409F82556C56A0089B212 /* HomeView.swift */; };
		B95409FC2556C5810089B212 /* formulas.json in Resources */ = {isa = PBXBuildFile; fileRef = B95409FB2556C5810089B212 /* formulas.json */; };
		B9540A012556C5950089B212 /* FormulaStack.swift in Sources */ = {isa = PBXBuildFile; fileRef = B95409FF2556C5950089B212 /* FormulaStack.swift */; };
		B9540A022556C5950089B212 /* FormulaItem.swift in Sources */ = {isa = PBXBuildFile; fileRef = B9540A002556C5950089B212 /* FormulaItem.swift */; };
		B9540A062556C59A0089B212 /* Data.swift in Sources */ = {isa = PBXBuildFile; fileRef = B9540A042556C59A0089B212 /* Data.swift */; };
		B9540A072556C59A0089B212 /* Formula.swift in Sources */ = {isa = PBXBuildFile; fileRef = B9540A052556C59A0089B212 /* Formula.swift */; };
		B9540A142556CFBB0089B212 /* FormulaDetail.swift in Sources */ = {isa = PBXBuildFile; fileRef = B9540A132556CFBB0089B212 /* FormulaDetail.swift */; };
/* End PBXBuildFile section */

/* Begin PBXFileReference section */
		B95409D32556C4BB0089B212 /* AccountantApp.app */ = {isa = PBXFileReference; explicitFileType = wrapper.application; includeInIndex = 0; path = AccountantApp.app; sourceTree = BUILT_PRODUCTS_DIR; };
		B95409D62556C4BB0089B212 /* AppDelegate.swift */ = {isa = PBXFileReference; lastKnownFileType = sourcecode.swift; path = AppDelegate.swift; sourceTree = "<group>"; };
		B95409D82556C4BB0089B212 /* SceneDelegate.swift */ = {isa = PBXFileReference; lastKnownFileType = sourcecode.swift; path = SceneDelegate.swift; sourceTree = "<group>"; };
		B95409DC2556C4BD0089B212 /* Assets.xcassets */ = {isa = PBXFileReference; lastKnownFileType = folder.assetcatalog; path = Assets.xcassets; sourceTree = "<group>"; };
		B95409DF2556C4BD0089B212 /* Preview Assets.xcassets */ = {isa = PBXFileReference; lastKnownFileType = folder.assetcatalog; path = "Preview Assets.xcassets"; sourceTree = "<group>"; };
		B95409E42556C4BD0089B212 /* Info.plist */ = {isa = PBXFileReference; lastKnownFileType = text.plist.xml; path = Info.plist; sourceTree = "<group>"; };
		B95409F82556C56A0089B212 /* HomeView.swift */ = {isa = PBXFileReference; fileEncoding = 4; lastKnownFileType = sourcecode.swift; path = HomeView.swift; sourceTree = "<group>"; };
		B95409FB2556C5810089B212 /* formulas.json */ = {isa = PBXFileReference; fileEncoding = 4; lastKnownFileType = text.json; path = formulas.json; sourceTree = "<group>"; };
		B95409FF2556C5950089B212 /* FormulaStack.swift */ = {isa = PBXFileReference; fileEncoding = 4; lastKnownFileType = sourcecode.swift; path = FormulaStack.swift; sourceTree = "<group>"; };
		B9540A002556C5950089B212 /* FormulaItem.swift */ = {isa = PBXFileReference; fileEncoding = 4; lastKnownFileType = sourcecode.swift; path = FormulaItem.swift; sourceTree = "<group>"; };
		B9540A042556C59A0089B212 /* Data.swift */ = {isa = PBXFileReference; fileEncoding = 4; lastKnownFileType = sourcecode.swift; path = Data.swift; sourceTree = "<group>"; };
		B9540A052556C59A0089B212 /* Formula.swift */ = {isa = PBXFileReference; fileEncoding = 4; lastKnownFileType = sourcecode.swift; path = Formula.swift; sourceTree = "<group>"; };
		B9540A132556CFBB0089B212 /* FormulaDetail.swift */ = {isa = PBXFileReference; lastKnownFileType = sourcecode.swift; path = FormulaDetail.swift; sourceTree = "<group>"; };
/* End PBXFileReference section */

/* Begin PBXFrameworksBuildPhase section */
		B95409D02556C4BB0089B212 /* Frameworks */ = {
			isa = PBXFrameworksBuildPhase;
			buildActionMask = 2147483647;
			files = (
			);
			runOnlyForDeploymentPostprocessing = 0;
		};
/* End PBXFrameworksBuildPhase section */

/* Begin PBXGroup section */
		B95409CA2556C4BB0089B212 = {
			isa = PBXGroup;
			children = (
				B95409D52556C4BB0089B212 /* AccountantApp */,
				B95409D42556C4BB0089B212 /* Products */,
			);
			sourceTree = "<group>";
		};
		B95409D42556C4BB0089B212 /* Products */ = {
			isa = PBXGroup;
			children = (
				B95409D32556C4BB0089B212 /* AccountantApp.app */,
			);
			name = Products;
			sourceTree = "<group>";
		};
		B95409D52556C4BB0089B212 /* AccountantApp */ = {
			isa = PBXGroup;
			children = (
				B9540A092556C59E0089B212 /* Models */,
				B9540A0B2556C5B20089B212 /* Views */,
				B95409D62556C4BB0089B212 /* AppDelegate.swift */,
				B95409D82556C4BB0089B212 /* SceneDelegate.swift */,
				B95409FB2556C5810089B212 /* formulas.json */,
				B95409DC2556C4BD0089B212 /* Assets.xcassets */,
				B95409E42556C4BD0089B212 /* Info.plist */,
				B95409DE2556C4BD0089B212 /* Preview Content */,
			);
			path = AccountantApp;
			sourceTree = "<group>";
		};
		B95409DE2556C4BD0089B212 /* Preview Content */ = {
			isa = PBXGroup;
			children = (
				B95409DF2556C4BD0089B212 /* Preview Assets.xcassets */,
			);
			path = "Preview Content";
			sourceTree = "<group>";
		};
		B9540A092556C59E0089B212 /* Models */ = {
			isa = PBXGroup;
			children = (
				B9540A042556C59A0089B212 /* Data.swift */,
				B9540A052556C59A0089B212 /* Formula.swift */,
			);
			path = Models;
			sourceTree = "<group>";
		};
		B9540A0B2556C5B20089B212 /* Views */ = {
			isa = PBXGroup;
			children = (
				B95409F82556C56A0089B212 /* HomeView.swift */,
				B95409FF2556C5950089B212 /* FormulaStack.swift */,
				B9540A002556C5950089B212 /* FormulaItem.swift */,
				B9540A132556CFBB0089B212 /* FormulaDetail.swift */,
			);
			path = Views;
			sourceTree = "<group>";
		};
/* End PBXGroup section */

/* Begin PBXNativeTarget section */
		B95409D22556C4BB0089B212 /* AccountantApp */ = {
			isa = PBXNativeTarget;
			buildConfigurationList = B95409E72556C4BD0089B212 /* Build configuration list for PBXNativeTarget "AccountantApp" */;
			buildPhases = (
				B95409CF2556C4BB0089B212 /* Sources */,
				B95409D02556C4BB0089B212 /* Frameworks */,
				B95409D12556C4BB0089B212 /* Resources */,
			);
			buildRules = (
			);
			dependencies = (
			);
			name = AccountantApp;
			productName = AccountantApp;
			productReference = B95409D32556C4BB0089B212 /* AccountantApp.app */;
			productType = "com.apple.product-type.application";
		};
/* End PBXNativeTarget section */

/* Begin PBXProject section */
		B95409CB2556C4BB0089B212 /* Project object */ = {
			isa = PBXProject;
			attributes = {
				LastSwiftUpdateCheck = 1210;
				LastUpgradeCheck = 1210;
				TargetAttributes = {
					B95409D22556C4BB0089B212 = {
						CreatedOnToolsVersion = 12.1;
					};
				};
			};
			buildConfigurationList = B95409CE2556C4BB0089B212 /* Build configuration list for PBXProject "AccountantApp" */;
			compatibilityVersion = "Xcode 9.3";
			developmentRegion = en;
			hasScannedForEncodings = 0;
			knownRegions = (
				en,
				Base,
			);
			mainGroup = B95409CA2556C4BB0089B212;
			productRefGroup = B95409D42556C4BB0089B212 /* Products */;
			projectDirPath = "";
			projectRoot = "";
			targets = (
				B95409D22556C4BB0089B212 /* AccountantApp */,
			);
		};
/* End PBXProject section */

/* Begin PBXResourcesBuildPhase section */
		B95409D12556C4BB0089B212 /* Resources */ = {
			isa = PBXResourcesBuildPhase;
			buildActionMask = 2147483647;
			files = (
				B95409E02556C4BD0089B212 /* Preview Assets.xcassets in Resources */,
				B95409FC2556C5810089B212 /* formulas.json in Resources */,
				B95409DD2556C4BD0089B212 /* Assets.xcassets in Resources */,
			);
			runOnlyForDeploymentPostprocessing = 0;
		};
/* End PBXResourcesBuildPhase section */

/* Begin PBXSourcesBuildPhase section */
		B95409CF2556C4BB0089B212 /* Sources */ = {
			isa = PBXSourcesBuildPhase;
			buildActionMask = 2147483647;
			files = (
				B9540A022556C5950089B212 /* FormulaItem.swift in Sources */,
				B9540A072556C59A0089B212 /* Formula.swift in Sources */,
				B9540A062556C59A0089B212 /* Data.swift in Sources */,
				B95409F92556C56A0089B212 /* HomeView.swift in Sources */,
				B9540A012556C5950089B212 /* FormulaStack.swift in Sources */,
				B95409D72556C4BB0089B212 /* AppDelegate.swift in Sources */,
				B95409D92556C4BB0089B212 /* SceneDelegate.swift in Sources */,
				B9540A142556CFBB0089B212 /* FormulaDetail.swift in Sources */,
			);
			runOnlyForDeploymentPostprocessing = 0;
		};
/* End PBXSourcesBuildPhase section */

/* Begin XCBuildConfiguration section */
		B95409E52556C4BD0089B212 /* Debug */ = {
			isa = XCBuildConfiguration;
			buildSettings = {
				ALWAYS_SEARCH_USER_PATHS = NO;
				CLANG_ANALYZER_NONNULL = YES;
				CLANG_ANALYZER_NUMBER_OBJECT_CONVERSION = YES_AGGRESSIVE;
				CLANG_CXX_LANGUAGE_STANDARD = "gnu++14";
				CLANG_CXX_LIBRARY = "libc++";
				CLANG_ENABLE_MODULES = YES;
				CLANG_ENABLE_OBJC_ARC = YES;
				CLANG_ENABLE_OBJC_WEAK = YES;
				CLANG_WARN_BLOCK_CAPTURE_AUTORELEASING = YES;
				CLANG_WARN_BOOL_CONVERSION = YES;
				CLANG_WARN_COMMA = YES;
				CLANG_WARN_CONSTANT_CONVERSION = YES;
				CLANG_WARN_DEPRECATED_OBJC_IMPLEMENTATIONS = YES;
				CLANG_WARN_DIRECT_OBJC_ISA_USAGE = YES_ERROR;
				CLANG_WARN_DOCUMENTATION_COMMENTS = YES;
				CLANG_WARN_EMPTY_BODY = YES;
				CLANG_WARN_ENUM_CONVERSION = YES;
				CLANG_WARN_INFINITE_RECURSION = YES;
				CLANG_WARN_INT_CONVERSION = YES;
				CLANG_WARN_NON_LITERAL_NULL_CONVERSION = YES;
				CLANG_WARN_OBJC_IMPLICIT_RETAIN_SELF = YES;
				CLANG_WARN_OBJC_LITERAL_CONVERSION = YES;
				CLANG_WARN_OBJC_ROOT_CLASS = YES_ERROR;
				CLANG_WARN_QUOTED_INCLUDE_IN_FRAMEWORK_HEADER = YES;
				CLANG_WARN_RANGE_LOOP_ANALYSIS = YES;
				CLANG_WARN_STRICT_PROTOTYPES = YES;
				CLANG_WARN_SUSPICIOUS_MOVE = YES;
				CLANG_WARN_UNGUARDED_AVAILABILITY = YES_AGGRESSIVE;
				CLANG_WARN_UNREACHABLE_CODE = YES;
				CLANG_WARN__DUPLICATE_METHOD_MATCH = YES;
				COPY_PHASE_STRIP = NO;
				DEBUG_INFORMATION_FORMAT = dwarf;
				ENABLE_STRICT_OBJC_MSGSEND = YES;
				ENABLE_TESTABILITY = YES;
				GCC_C_LANGUAGE_STANDARD = gnu11;
				GCC_DYNAMIC_NO_PIC = NO;
				GCC_NO_COMMON_BLOCKS = YES;
				GCC_OPTIMIZATION_LEVEL = 0;
				GCC_PREPROCESSOR_DEFINITIONS = (
					"DEBUG=1",
					"$(inherited)",
				);
				GCC_WARN_64_TO_32_BIT_CONVERSION = YES;
				GCC_WARN_ABOUT_RETURN_TYPE = YES_ERROR;
				GCC_WARN_UNDECLARED_SELECTOR = YES;
				GCC_WARN_UNINITIALIZED_AUTOS = YES_AGGRESSIVE;
				GCC_WARN_UNUSED_FUNCTION = YES;
				GCC_WARN_UNUSED_VARIABLE = YES;
				IPHONEOS_DEPLOYMENT_TARGET = 14.1;
				MTL_ENABLE_DEBUG_INFO = INCLUDE_SOURCE;
				MTL_FAST_MATH = YES;
				ONLY_ACTIVE_ARCH = YES;
				SDKROOT = iphoneos;
				SWIFT_ACTIVE_COMPILATION_CONDITIONS = DEBUG;
				SWIFT_OPTIMIZATION_LEVEL = "-Onone";
			};
			name = Debug;
		};
		B95409E62556C4BD0089B212 /* Release */ = {
			isa = XCBuildConfiguration;
			buildSettings = {
				ALWAYS_SEARCH_USER_PATHS = NO;
				CLANG_ANALYZER_NONNULL = YES;
				CLANG_ANALYZER_NUMBER_OBJECT_CONVERSION = YES_AGGRESSIVE;
				CLANG_CXX_LANGUAGE_STANDARD = "gnu++14";
				CLANG_CXX_LIBRARY = "libc++";
				CLANG_ENABLE_MODULES = YES;
				CLANG_ENABLE_OBJC_ARC = YES;
				CLANG_ENABLE_OBJC_WEAK = YES;
				CLANG_WARN_BLOCK_CAPTURE_AUTORELEASING = YES;
				CLANG_WARN_BOOL_CONVERSION = YES;
				CLANG_WARN_COMMA = YES;
				CLANG_WARN_CONSTANT_CONVERSION = YES;
				CLANG_WARN_DEPRECATED_OBJC_IMPLEMENTATIONS = YES;
				CLANG_WARN_DIRECT_OBJC_ISA_USAGE = YES_ERROR;
				CLANG_WARN_DOCUMENTATION_COMMENTS = YES;
				CLANG_WARN_EMPTY_BODY = YES;
				CLANG_WARN_ENUM_CONVERSION = YES;
				CLANG_WARN_INFINITE_RECURSION = YES;
				CLANG_WARN_INT_CONVERSION = YES;
				CLANG_WARN_NON_LITERAL_NULL_CONVERSION = YES;
				CLANG_WARN_OBJC_IMPLICIT_RETAIN_SELF = YES;
				CLANG_WARN_OBJC_LITERAL_CONVERSION = YES;
				CLANG_WARN_OBJC_ROOT_CLASS = YES_ERROR;
				CLANG_WARN_QUOTED_INCLUDE_IN_FRAMEWORK_HEADER = YES;
				CLANG_WARN_RANGE_LOOP_ANALYSIS = YES;
				CLANG_WARN_STRICT_PROTOTYPES = YES;
				CLANG_WARN_SUSPICIOUS_MOVE = YES;
				CLANG_WARN_UNGUARDED_AVAILABILITY = YES_AGGRESSIVE;
				CLANG_WARN_UNREACHABLE_CODE = YES;
				CLANG_WARN__DUPLICATE_METHOD_MATCH = YES;
				COPY_PHASE_STRIP = NO;
				DEBUG_INFORMATION_FORMAT = "dwarf-with-dsym";
				ENABLE_NS_ASSERTIONS = NO;
				ENABLE_STRICT_OBJC_MSGSEND = YES;
				GCC_C_LANGUAGE_STANDARD = gnu11;
				GCC_NO_COMMON_BLOCKS = YES;
				GCC_WARN_64_TO_32_BIT_CONVERSION = YES;
				GCC_WARN_ABOUT_RETURN_TYPE = YES_ERROR;
				GCC_WARN_UNDECLARED_SELECTOR = YES;
				GCC_WARN_UNINITIALIZED_AUTOS = YES_AGGRESSIVE;
				GCC_WARN_UNUSED_FUNCTION = YES;
				GCC_WARN_UNUSED_VARIABLE = YES;
				IPHONEOS_DEPLOYMENT_TARGET = 14.1;
				MTL_ENABLE_DEBUG_INFO = NO;
				MTL_FAST_MATH = YES;
				SDKROOT = iphoneos;
				SWIFT_COMPILATION_MODE = wholemodule;
				SWIFT_OPTIMIZATION_LEVEL = "-O";
				VALIDATE_PRODUCT = YES;
			};
			name = Release;
		};
		B95409E82556C4BD0089B212 /* Debug */ = {
			isa = XCBuildConfiguration;
			buildSettings = {
				ASSETCATALOG_COMPILER_APPICON_NAME = AppIcon;
				ASSETCATALOG_COMPILER_GLOBAL_ACCENT_COLOR_NAME = AccentColor;
				CODE_SIGN_STYLE = Automatic;
				DEVELOPMENT_ASSET_PATHS = "\"AccountantApp/Preview Content\"";
				DEVELOPMENT_TEAM = DHD4365Q83;
				ENABLE_PREVIEWS = YES;
				INFOPLIST_FILE = AccountantApp/Info.plist;
				LD_RUNPATH_SEARCH_PATHS = (
					"$(inherited)",
					"@executable_path/Frameworks",
				);
				PRODUCT_BUNDLE_IDENTIFIER = com.TeuerStein.AccountantApp;
				PRODUCT_NAME = "$(TARGET_NAME)";
				SWIFT_VERSION = 5.0;
				TARGETED_DEVICE_FAMILY = "1,2";
			};
			name = Debug;
		};
		B95409E92556C4BD0089B212 /* Release */ = {
			isa = XCBuildConfiguration;
			buildSettings = {
				ASSETCATALOG_COMPILER_APPICON_NAME = AppIcon;
				ASSETCATALOG_COMPILER_GLOBAL_ACCENT_COLOR_NAME = AccentColor;
				CODE_SIGN_STYLE = Automatic;
				DEVELOPMENT_ASSET_PATHS = "\"AccountantApp/Preview Content\"";
				DEVELOPMENT_TEAM = DHD4365Q83;
				ENABLE_PREVIEWS = YES;
				INFOPLIST_FILE = AccountantApp/Info.plist;
				LD_RUNPATH_SEARCH_PATHS = (
					"$(inherited)",
					"@executable_path/Frameworks",
				);
				PRODUCT_BUNDLE_IDENTIFIER = com.TeuerStein.AccountantApp;
				PRODUCT_NAME = "$(TARGET_NAME)";
				SWIFT_VERSION = 5.0;
				TARGETED_DEVICE_FAMILY = "1,2";
			};
			name = Release;
		};
/* End XCBuildConfiguration section */

/* Begin XCConfigurationList section */
		B95409CE2556C4BB0089B212 /* Build configuration list for PBXProject "AccountantApp" */ = {
			isa = XCConfigurationList;
			buildConfigurations = (
				B95409E52556C4BD0089B212 /* Debug */,
				B95409E62556C4BD0089B212 /* Release */,
			);
			defaultConfigurationIsVisible = 0;
			defaultConfigurationName = Release;
		};
		B95409E72556C4BD0089B212 /* Build configuration list for PBXNativeTarget "AccountantApp" */ = {
			isa = XCConfigurationList;
			buildConfigurations = (
				B95409E82556C4BD0089B212 /* Debug */,
				B95409E92556C4BD0089B212 /* Release */,
			);
			defaultConfigurationIsVisible = 0;
			defaultConfigurationName = Release;
		};
/* End XCConfigurationList section */
	};
	rootObject = B95409CB2556C4BB0089B212 /* Project object */;
}
